
Microsoft Visual Studio Solution File, Format Version 12.00
# Visual Studio Version 16
VisualStudioVersion = 16.0.31729.503
MinimumVisualStudioVersion = 10.0.40219.1
Project("{FAE04EC0-301F-11D3-BF4B-00C04F79EFBC}") = "EmployeeManagement", "EmployeeManagement.csproj", "{E44955B2-205B-45A2-A736-DA98D353199A}"
EndProject
Global
	GlobalSection(SolutionConfigurationPlatforms) = preSolution
		Debug|Any CPU = Debug|Any CPU
		Release|Any CPU = Release|Any CPU
	EndGlobalSection
	GlobalSection(ProjectConfigurationPlatforms) = postSolution
		{E44955B2-205B-45A2-A736-DA98D353199A}.Debug|Any CPU.ActiveCfg = Debug|Any CPU
		{E44955B2-205B-45A2-A736-DA98D353199A}.Debug|Any CPU.Build.0 = Debug|Any CPU
		{E44955B2-205B-45A2-A736-DA98D353199A}.Release|Any CPU.ActiveCfg = Release|Any CPU
		{E44955B2-205B-45A2-A736-DA98D353199A}.Release|Any CPU.Build.0 = Release|Any CPU
	EndGlobalSection
	GlobalSection(SolutionProperties) = preSolution
		HideSolutionNode = FALSE
	EndGlobalSection
	GlobalSection(ExtensibilityGlobals) = postSolution
		SolutionGuid = {2DD56F2F-5805-4408-A2EA-F57787ABB8D0}
	EndGlobalSection
EndGlobal
